github.com/go-webgpu/goffi v0.5.3 h1:Ckc94SdHO42bIb0oEapRIcv+jKjhjGJfb9zPEvNKC7U=
github.com/go-webgpu/goffi v0.5.3/go.mod h1:wfoxNsJkU+5RFbV1kNN1kunhc1lFHuJKK3zpgx08/uM=
github.com/lukem570/vulkan-go v1.4.353 h1:J57of92SoOuRPOlSNOFieYzpMzNyOTQkrOUUqevPmkg=
github.com/lukem570/vulkan-go v1.4.353/go.mod h1:f2kZgWI4IOdAgKiwWT/yVVMo5WwuSUay/+LQtkF391Q=
github.com/lukem570/wayland-go v0.0.0-20260608112318-ba07168d8b28 h1:xayP2LkGvd5aqpudxnZsnXn21HkIxN47Y3F293Agvvo=
github.com/lukem570/wayland-go v0.0.0-20260608112318-ba07168d8b28/go.mod h1:tvm5pIOTZ/cCIngcnULnOKmninxU7yokVzvczXte5X0=
